
Microsoft Visual Studio Solution File, Format Version 12.00
# Visual Studio Version 17
VisualStudioVersion = 17.9.34728.123
MinimumVisualStudioVersion = 10.0.40219.1
Project("{FAE04EC0-301F-11D3-BF4B-00C04F79EFBC}") = "SleepMode", "SleepMode.csproj", "{1D41A70D-7BCF-4B29-9829-E4D179DAFC8A}"
EndProject
Global
	GlobalSection(SolutionConfigurationPlatforms) = preSolution
		Debug|Any CPU = Debug|Any CPU
		Release|Any CPU = Release|Any CPU
	EndGlobalSection
	GlobalSection(ProjectConfigurationPlatforms) = postSolution
		{1D41A70D-7BCF-4B29-9829-E4D179DAFC8A}.Debug|Any CPU.ActiveCfg = Debug|Any CPU
		{1D41A70D-7BCF-4B29-9829-E4D179DAFC8A}.Debug|Any CPU.Build.0 = Debug|Any CPU
		{1D41A70D-7BCF-4B29-9829-E4D179DAFC8A}.Release|Any CPU.ActiveCfg = Release|Any CPU
		{1D41A70D-7BCF-4B29-9829-E4D179DAFC8A}.Release|Any CPU.Build.0 = Release|Any CPU
	EndGlobalSection
	GlobalSection(SolutionProperties) = preSolution
		HideSolutionNode = FALSE
	EndGlobalSection
	GlobalSection(ExtensibilityGlobals) = postSolution
		SolutionGuid = {015F0442-5946-4D84-ACB4-62477C4D7501}
	EndGlobalSection
EndGlobal
